// !$*UTF8*$!
{
	archiveVersion = 1;
	classes = {
	};
	objectVersion = 56;
	objects = {

/* Begin PBXBuildFile section */
		B607CCF42BEF53D600FB78AD /* CTableCell.swift in Sources */ = {isa = PBXBuildFile; fileRef = B607CCF32BEF53D600FB78AD /* CTableCell.swift */; };
		B63588652BEE215600201076 /* AppDelegate.swift in Sources */ = {isa = PBXBuildFile; fileRef = B63588642BEE215600201076 /* AppDelegate.swift */; };
		B63588672BEE215600201076 /* SceneDelegate.swift in Sources */ = {isa = PBXBuildFile; fileRef = B63588662BEE215600201076 /* SceneDelegate.swift */; };
		B635886C2BEE215600201076 /* Base in Resources */ = {isa = PBXBuildFile; fileRef = B635886B2BEE215600201076 /* Base */; };
		B635886E2BEE215700201076 /* Assets.xcassets in Resources */ = {isa = PBXBuildFile; fileRef = B635886D2BEE215700201076 /* Assets.xcassets */; };
		B63588712BEE215700201076 /* Base in Resources */ = {isa = PBXBuildFile; fileRef = B63588702BEE215700201076 /* Base */; };
		B63588952BEE238300201076 /* CryptoCurrencyListViewControlle.swift in Sources */ = {isa = PBXBuildFile; fileRef = B63588942BEE238300201076 /* CryptoCurrencyListViewControlle.swift */; };
		B63588972BEE23A800201076 /* CryptoCurrency.swift in Sources */ = {isa = PBXBuildFile; fileRef = B63588962BEE23A800201076 /* CryptoCurrency.swift */; };
		B64D66FF2BEF63B400078005 /* DetailsViewController.swift in Sources */ = {isa = PBXBuildFile; fileRef = B64D66FE2BEF63B400078005 /* DetailsViewController.swift */; };
/* End PBXBuildFile section */

/* Begin PBXContainerItemProxy section */
		B63588782BEE215700201076 /* PBXContainerItemProxy */ = {
			isa = PBXContainerItemProxy;
			containerPortal = B63588592BEE215500201076 /* Project object */;
			proxyType = 1;
			remoteGlobalIDString = B63588602BEE215600201076;
			remoteInfo = homework;
		};
		B63588822BEE215700201076 /* PBXContainerItemProxy */ = {
			isa = PBXContainerItemProxy;
			containerPortal = B63588592BEE215500201076 /* Project object */;
			proxyType = 1;
			remoteGlobalIDString = B63588602BEE215600201076;
			remoteInfo = homework;
		};
/* End PBXContainerItemProxy section */

/* Begin PBXFileReference section */
		B607CCF32BEF53D600FB78AD /* CTableCell.swift */ = {isa = PBXFileReference; lastKnownFileType = sourcecode.swift; path = CTableCell.swift; sourceTree = "<group>"; };
		B63588612BEE215600201076 /* homework.app */ = {isa = PBXFileReference; explicitFileType = wrapper.application; includeInIndex = 0; path = homework.app; sourceTree = BUILT_PRODUCTS_DIR; };
		B63588642BEE215600201076 /* AppDelegate.swift */ = {isa = PBXFileReference; lastKnownFileType = sourcecode.swift; path = AppDelegate.swift; sourceTree = "<group>"; };
		B63588662BEE215600201076 /* SceneDelegate.swift */ = {isa = PBXFileReference; lastKnownFileType = sourcecode.swift; path = SceneDelegate.swift; sourceTree = "<group>"; };
		B635886B2BEE215600201076 /* Base */ = {isa = PBXFileReference; lastKnownFileType = file.storyboard; name = Base; path = Base.lproj/Main.storyboard; sourceTree = "<group>"; };
		B635886D2BEE215700201076 /* Assets.xcassets */ = {isa = PBXFileReference; lastKnownFileType = folder.assetcatalog; path = Assets.xcassets; sourceTree = "<group>"; };
		B63588702BEE215700201076 /* Base */ = {isa = PBXFileReference; lastKnownFileType = file.storyboard; name = Base; path = Base.lproj/LaunchScreen.storyboard; sourceTree = "<group>"; };
		B63588722BEE215700201076 /* Info.plist */ = {isa = PBXFileReference; lastKnownFileType = text.plist.xml; path = Info.plist; sourceTree = "<group>"; };
		B63588772BEE215700201076 /* homeworkTests.xctest */ = {isa = PBXFileReference; explicitFileType = wrapper.cfbundle; includeInIndex = 0; path = homeworkTests.xctest; sourceTree = BUILT_PRODUCTS_DIR; };
		B63588812BEE215700201076 /* homeworkUITests.xctest */ = {isa = PBXFileReference; explicitFileType = wrapper.cfbundle; includeInIndex = 0; path = homeworkUITests.xctest; sourceTree = BUILT_PRODUCTS_DIR; };
		B63588942BEE238300201076 /* CryptoCurrencyListViewControlle.swift */ = {isa = PBXFileReference; lastKnownFileType = sourcecode.swift; path = CryptoCurrencyListViewControlle.swift; sourceTree = "<group>"; };
		B63588962BEE23A800201076 /* CryptoCurrency.swift */ = {isa = PBXFileReference; lastKnownFileType = sourcecode.swift; path = CryptoCurrency.swift; sourceTree = "<group>"; };
		B64D66FE2BEF63B400078005 /* DetailsViewController.swift */ = {isa = PBXFileReference; lastKnownFileType = sourcecode.swift; path = DetailsViewController.swift; sourceTree = "<group>"; };
/* End PBXFileReference section */

/* Begin PBXFrameworksBuildPhase section */
		B635885E2BEE215600201076 /* Frameworks */ = {
			isa = PBXFrameworksBuildPhase;
			buildActionMask = 2147483647;
			files = (
			);
			runOnlyForDeploymentPostprocessing = 0;
		};
		B63588742BEE215700201076 /* Frameworks */ = {
			isa = PBXFrameworksBuildPhase;
			buildActionMask = 2147483647;
			files = (
			);
			runOnlyForDeploymentPostprocessing = 0;
		};
		B635887E2BEE215700201076 /* Frameworks */ = {
			isa = PBXFrameworksBuildPhase;
			buildActionMask = 2147483647;
			files = (
			);
			runOnlyForDeploymentPostprocessing = 0;
		};
/* End PBXFrameworksBuildPhase section */

/* Begin PBXGroup section */
		B63588582BEE215500201076 = {
			isa = PBXGroup;
			children = (
				B63588632BEE215600201076 /* homework */,
				B63588622BEE215600201076 /* Products */,
			);
			sourceTree = "<group>";
		};
		B63588622BEE215600201076 /* Products */ = {
			isa = PBXGroup;
			children = (
				B63588612BEE215600201076 /* homework.app */,
				B63588772BEE215700201076 /* homeworkTests.xctest */,
				B63588812BEE215700201076 /* homeworkUITests.xctest */,
			);
			name = Products;
			sourceTree = "<group>";
		};
		B63588632BEE215600201076 /* homework */ = {
			isa = PBXGroup;
			children = (
				B63588642BEE215600201076 /* AppDelegate.swift */,
				B63588662BEE215600201076 /* SceneDelegate.swift */,
				B635886A2BEE215600201076 /* Main.storyboard */,
				B635886D2BEE215700201076 /* Assets.xcassets */,
				B635886F2BEE215700201076 /* LaunchScreen.storyboard */,
				B63588722BEE215700201076 /* Info.plist */,
				B63588942BEE238300201076 /* CryptoCurrencyListViewControlle.swift */,
				B63588962BEE23A800201076 /* CryptoCurrency.swift */,
				B607CCF32BEF53D600FB78AD /* CTableCell.swift */,
				B64D66FE2BEF63B400078005 /* DetailsViewController.swift */,
			);
			path = homework;
			sourceTree = "<group>";
		};
/* End PBXGroup section */

/* Begin PBXNativeTarget section */
		B63588602BEE215600201076 /* homework */ = {
			isa = PBXNativeTarget;
			buildConfigurationList = B635888B2BEE215700201076 /* Build configuration list for PBXNativeTarget "homework" */;
			buildPhases = (
				B635885D2BEE215600201076 /* Sources */,
				B635885E2BEE215600201076 /* Frameworks */,
				B635885F2BEE215600201076 /* Resources */,
			);
			buildRules = (
			);
			dependencies = (
			);
			name = homework;
			productName = homework;
			productReference = B63588612BEE215600201076 /* homework.app */;
			productType = "com.apple.product-type.application";
		};
		B63588762BEE215700201076 /* homeworkTests */ = {
			isa = PBXNativeTarget;
			buildConfigurationList = B635888E2BEE215700201076 /* Build configuration list for PBXNativeTarget "homeworkTests" */;
			buildPhases = (
				B63588732BEE215700201076 /* Sources */,
				B63588742BEE215700201076 /* Frameworks */,
				B63588752BEE215700201076 /* Resources */,
			);
			buildRules = (
			);
			dependencies = (
				B63588792BEE215700201076 /* PBXTargetDependency */,
			);
			name = homeworkTests;
			productName = homeworkTests;
			productReference = B63588772BEE215700201076 /* homeworkTests.xctest */;
			productType = "com.apple.product-type.bundle.unit-test";
		};
		B63588802BEE215700201076 /* homeworkUITests */ = {
			isa = PBXNativeTarget;
			buildConfigurationList = B63588912BEE215700201076 /* Build configuration list for PBXNativeTarget "homeworkUITests" */;
			buildPhases = (
				B635887D2BEE215700201076 /* Sources */,
				B635887E2BEE215700201076 /* Frameworks */,
				B635887F2BEE215700201076 /* Resources */,
			);
			buildRules = (
			);
			dependencies = (
				B63588832BEE215700201076 /* PBXTargetDependency */,
			);
			name = homeworkUITests;
			productName = homeworkUITests;
			productReference = B63588812BEE215700201076 /* homeworkUITests.xctest */;
			productType = "com.apple.product-type.bundle.ui-testing";
		};
/* End PBXNativeTarget section */

/* Begin PBXProject section */
		B63588592BEE215500201076 /* Project object */ = {
			isa = PBXProject;
			attributes = {
				BuildIndependentTargetsInParallel = 1;
				LastSwiftUpdateCheck = 1530;
				LastUpgradeCheck = 1530;
				TargetAttributes = {
					B63588602BEE215600201076 = {
						CreatedOnToolsVersion = 15.3;
					};
					B63588762BEE215700201076 = {
						CreatedOnToolsVersion = 15.3;
						TestTargetID = B63588602BEE215600201076;
					};
					B63588802BEE215700201076 = {
						CreatedOnToolsVersion = 15.3;
						TestTargetID = B63588602BEE215600201076;
					};
				};
			};
			buildConfigurationList = B635885C2BEE215500201076 /* Build configuration list for PBXProject "homework" */;
			compatibilityVersion = "Xcode 14.0";
			developmentRegion = en;
			hasScannedForEncodings = 0;
			knownRegions = (
				en,
				Base,
			);
			mainGroup = B63588582BEE215500201076;
			productRefGroup = B63588622BEE215600201076 /* Products */;
			projectDirPath = "";
			projectRoot = "";
			targets = (
				B63588602BEE215600201076 /* homework */,
				B63588762BEE215700201076 /* homeworkTests */,
				B63588802BEE215700201076 /* homeworkUITests */,
			);
		};
/* End PBXProject section */

/* Begin PBXResourcesBuildPhase section */
		B635885F2BEE215600201076 /* Resources */ = {
			isa = PBXResourcesBuildPhase;
			buildActionMask = 2147483647;
			files = (
				B635886E2BEE215700201076 /* Assets.xcassets in Resources */,
				B63588712BEE215700201076 /* Base in Resources */,
				B635886C2BEE215600201076 /* Base in Resources */,
			);
			runOnlyForDeploymentPostprocessing = 0;
		};
		B63588752BEE215700201076 /* Resources */ = {
			isa = PBXResourcesBuildPhase;
			buildActionMask = 2147483647;
			files = (
			);
			runOnlyForDeploymentPostprocessing = 0;
		};
		B635887F2BEE215700201076 /* Resources */ = {
			isa = PBXResourcesBuildPhase;
			buildActionMask = 2147483647;
			files = (
			);
			runOnlyForDeploymentPostprocessing = 0;
		};
/* End PBXResourcesBuildPhase section */

/* Begin PBXSourcesBuildPhase section */
		B635885D2BEE215600201076 /* Sources */ = {
			isa = PBXSourcesBuildPhase;
			buildActionMask = 2147483647;
			files = (
				B607CCF42BEF53D600FB78AD /* CTableCell.swift in Sources */,
				B63588952BEE238300201076 /* CryptoCurrencyListViewControlle.swift in Sources */,
				B63588652BEE215600201076 /* AppDelegate.swift in Sources */,
				B63588972BEE23A800201076 /* CryptoCurrency.swift in Sources */,
				B63588672BEE215600201076 /* SceneDelegate.swift in Sources */,
				B64D66FF2BEF63B400078005 /* DetailsViewController.swift in Sources */,
			);
			runOnlyForDeploymentPostprocessing = 0;
		};
		B63588732BEE215700201076 /* Sources */ = {
			isa = PBXSourcesBuildPhase;
			buildActionMask = 2147483647;
			files = (
			);
			runOnlyForDeploymentPostprocessing = 0;
		};
		B635887D2BEE215700201076 /* Sources */ = {
			isa = PBXSourcesBuildPhase;
			buildActionMask = 2147483647;
			files = (
			);
			runOnlyForDeploymentPostprocessing = 0;
		};
/* End PBXSourcesBuildPhase section */

/* Begin PBXTargetDependency section */
		B63588792BEE215700201076 /* PBXTargetDependency */ = {
			isa = PBXTargetDependency;
			target = B63588602BEE215600201076 /* homework */;
			targetProxy = B63588782BEE215700201076 /* PBXContainerItemProxy */;
		};
		B63588832BEE215700201076 /* PBXTargetDependency */ = {
			isa = PBXTargetDependency;
			target = B63588602BEE215600201076 /* homework */;
			targetProxy = B63588822BEE215700201076 /* PBXContainerItemProxy */;
		};
/* End PBXTargetDependency section */

/* Begin PBXVariantGroup section */
		B635886A2BEE215600201076 /* Main.storyboard */ = {
			isa = PBXVariantGroup;
			children = (
				B635886B2BEE215600201076 /* Base */,
			);
			name = Main.storyboard;
			sourceTree = "<group>";
		};
		B635886F2BEE215700201076 /* LaunchScreen.storyboard */ = {
			isa = PBXVariantGroup;
			children = (
				B63588702BEE215700201076 /* Base */,
			);
			name = LaunchScreen.storyboard;
			sourceTree = "<group>";
		};
/* End PBXVariantGroup section */

/* Begin XCBuildConfiguration section */
		B63588892BEE215700201076 /* Debug */ = {
			isa = XCBuildConfiguration;
			buildSettings = {
				ALWAYS_SEARCH_USER_PATHS = NO;
				ASSETCATALOG_COMPILER_GENERATE_SWIFT_ASSET_SYMBOL_EXTENSIONS = YES;
				CLANG_ANALYZER_NONNULL = YES;
				CLANG_ANALYZER_NUMBER_OBJECT_CONVERSION = YES_AGGRESSIVE;
				CLANG_CXX_LANGUAGE_STANDARD = "gnu++20";
				CLANG_ENABLE_MODULES = YES;
				CLANG_ENABLE_OBJC_ARC = YES;
				CLANG_ENABLE_OBJC_WEAK = YES;
				CLANG_WARN_BLOCK_CAPTURE_AUTORELEASING = YES;
				CLANG_WARN_BOOL_CONVERSION = YES;
				CLANG_WARN_COMMA = YES;
				CLANG_WARN_CONSTANT_CONVERSION = YES;
				CLANG_WARN_DEPRECATED_OBJC_IMPLEMENTATIONS = YES;
				CLANG_WARN_DIRECT_OBJC_ISA_USAGE = YES_ERROR;
				CLANG_WARN_DOCUMENTATION_COMMENTS = YES;
				CLANG_WARN_EMPTY_BODY = YES;
				CLANG_WARN_ENUM_CONVERSION = YES;
				CLANG_WARN_INFINITE_RECURSION = YES;
				CLANG_WARN_INT_CONVERSION = YES;
				CLANG_WARN_NON_LITERAL_NULL_CONVERSION = YES;
				CLANG_WARN_OBJC_IMPLICIT_RETAIN_SELF = YES;
				CLANG_WARN_OBJC_LITERAL_CONVERSION = YES;
				CLANG_WARN_OBJC_ROOT_CLASS = YES_ERROR;
				CLANG_WARN_QUOTED_INCLUDE_IN_FRAMEWORK_HEADER = YES;
				CLANG_WARN_RANGE_LOOP_ANALYSIS = YES;
				CLANG_WARN_STRICT_PROTOTYPES = YES;
				CLANG_WARN_SUSPICIOUS_MOVE = YES;
				CLANG_WARN_UNGUARDED_AVAILABILITY = YES_AGGRESSIVE;
				CLANG_WARN_UNREACHABLE_CODE = YES;
				CLANG_WARN__DUPLICATE_METHOD_MATCH = YES;
				COPY_PHASE_STRIP = NO;
				DEBUG_INFORMATION_FORMAT = dwarf;
				ENABLE_STRICT_OBJC_MSGSEND = YES;
				ENABLE_TESTABILITY = YES;
				ENABLE_USER_SCRIPT_SANDBOXING = YES;
				GCC_C_LANGUAGE_STANDARD = gnu17;
				GCC_DYNAMIC_NO_PIC = NO;
				GCC_NO_COMMON_BLOCKS = YES;
				GCC_OPTIMIZATION_LEVEL = 0;
				GCC_PREPROCESSOR_DEFINITIONS = (
					"DEBUG=1",
					"$(inherited)",
				);
				GCC_WARN_64_TO_32_BIT_CONVERSION = YES;
				GCC_WARN_ABOUT_RETURN_TYPE = YES_ERROR;
				GCC_WARN_UNDECLARED_SELECTOR = YES;
				GCC_WARN_UNINITIALIZED_AUTOS = YES_AGGRESSIVE;
				GCC_WARN_UNUSED_FUNCTION = YES;
				GCC_WARN_UNUSED_VARIABLE = YES;
				IPHONEOS_DEPLOYMENT_TARGET = 17.4;
				LOCALIZATION_PREFERS_STRING_CATALOGS = YES;
				MTL_ENABLE_DEBUG_INFO = INCLUDE_SOURCE;
				MTL_FAST_MATH = YES;
				ONLY_ACTIVE_ARCH = YES;
				SDKROOT = iphoneos;
				SWIFT_ACTIVE_COMPILATION_CONDITIONS = "DEBUG $(inherited)";
				SWIFT_OPTIMIZATION_LEVEL = "-Onone";
			};
			name = Debug;
		};
		B635888A2BEE215700201076 /* Release */ = {
			isa = XCBuildConfiguration;
			buildSettings = {
				ALWAYS_SEARCH_USER_PATHS = NO;
				ASSETCATALOG_COMPILER_GENERATE_SWIFT_ASSET_SYMBOL_EXTENSIONS = YES;
				CLANG_ANALYZER_NONNULL = YES;
				CLANG_ANALYZER_NUMBER_OBJECT_CONVERSION = YES_AGGRESSIVE;
				CLANG_CXX_LANGUAGE_STANDARD = "gnu++20";
				CLANG_ENABLE_MODULES = YES;
				CLANG_ENABLE_OBJC_ARC = YES;
				CLANG_ENABLE_OBJC_WEAK = YES;
				CLANG_WARN_BLOCK_CAPTURE_AUTORELEASING = YES;
				CLANG_WARN_BOOL_CONVERSION = YES;
				CLANG_WARN_COMMA = YES;
				CLANG_WARN_CONSTANT_CONVERSION = YES;
				CLANG_WARN_DEPRECATED_OBJC_IMPLEMENTATIONS = YES;
				CLANG_WARN_DIRECT_OBJC_ISA_USAGE = YES_ERROR;
				CLANG_WARN_DOCUMENTATION_COMMENTS = YES;
				CLANG_WARN_EMPTY_BODY = YES;
				CLANG_WARN_ENUM_CONVERSION = YES;
				CLANG_WARN_INFINITE_RECURSION = YES;
				CLANG_WARN_INT_CONVERSION = YES;
				CLANG_WARN_NON_LITERAL_NULL_CONVERSION = YES;
				CLANG_WARN_OBJC_IMPLICIT_RETAIN_SELF = YES;
				CLANG_WARN_OBJC_LITERAL_CONVERSION = YES;
				CLANG_WARN_OBJC_ROOT_CLASS = YES_ERROR;
				CLANG_WARN_QUOTED_INCLUDE_IN_FRAMEWORK_HEADER = YES;
				CLANG_WARN_RANGE_LOOP_ANALYSIS = YES;
				CLANG_WARN_STRICT_PROTOTYPES = YES;
				CLANG_WARN_SUSPICIOUS_MOVE = YES;
				CLANG_WARN_UNGUARDED_AVAILABILITY = YES_AGGRESSIVE;
				CLANG_WARN_UNREACHABLE_CODE = YES;
				CLANG_WARN__DUPLICATE_METHOD_MATCH = YES;
				COPY_PHASE_STRIP = NO;
				DEBUG_INFORMATION_FORMAT = "dwarf-with-dsym";
				ENABLE_NS_ASSERTIONS = NO;
				ENABLE_STRICT_OBJC_MSGSEND = YES;
				ENABLE_USER_SCRIPT_SANDBOXING = YES;
				GCC_C_LANGUAGE_STANDARD = gnu17;
				GCC_NO_COMMON_BLOCKS = YES;
				GCC_WARN_64_TO_32_BIT_CONVERSION = YES;
				GCC_WARN_ABOUT_RETURN_TYPE = YES_ERROR;
				GCC_WARN_UNDECLARED_SELECTOR = YES;
				GCC_WARN_UNINITIALIZED_AUTOS = YES_AGGRESSIVE;
				GCC_WARN_UNUSED_FUNCTION = YES;
				GCC_WARN_UNUSED_VARIABLE = YES;
				IPHONEOS_DEPLOYMENT_TARGET = 17.4;
				LOCALIZATION_PREFERS_STRING_CATALOGS = YES;
				MTL_ENABLE_DEBUG_INFO = NO;
				MTL_FAST_MATH = YES;
				SDKROOT = iphoneos;
				SWIFT_COMPILATION_MODE = wholemodule;
				VALIDATE_PRODUCT = YES;
			};
			name = Release;
		};
		B635888C2BEE215700201076 /* Debug */ = {
			isa = XCBuildConfiguration;
			buildSettings = {
				ASSETCATALOG_COMPILER_APPICON_NAME = AppIcon;
				ASSETCATALOG_COMPILER_GLOBAL_ACCENT_COLOR_NAME = AccentColor;
				CODE_SIGN_STYLE = Automatic;
				CURRENT_PROJECT_VERSION = 1;
				DEVELOPMENT_TEAM = TYY25RGH4S;
				GENERATE_INFOPLIST_FILE = YES;
				INFOPLIST_FILE = homework/Info.plist;
				INFOPLIST_KEY_UIApplicationSupportsIndirectInputEvents = YES;
				INFOPLIST_KEY_UILaunchStoryboardName = LaunchScreen;
				INFOPLIST_KEY_UIMainStoryboardFile = Main;
				INFOPLIST_KEY_UISupportedInterfaceOrientations_iPad = "UIInterfaceOrientationPortrait UIInterfaceOrientationPortraitUpsideDown UIInterfaceOrientationLandscapeLeft UIInterfaceOrientationLandscapeRight";
				INFOPLIST_KEY_UISupportedInterfaceOrientations_iPhone = "UIInterfaceOrientationPortrait UIInterfaceOrientationLandscapeLeft UIInterfaceOrientationLandscapeRight";
				LD_RUNPATH_SEARCH_PATHS = (
					"$(inherited)",
					"@executable_path/Frameworks",
				);
				MARKETING_VERSION = 1.0;
				PRODUCT_BUNDLE_IDENTIFIER = com.coinapp.homework;
				PRODUCT_NAME = "$(TARGET_NAME)";
				SWIFT_EMIT_LOC_STRINGS = YES;
				SWIFT_VERSION = 5.0;
				TARGETED_DEVICE_FAMILY = "1,2";
			};
			name = Debug;
		};
		B635888D2BEE215700201076 /* Release */ = {
			isa = XCBuildConfiguration;
			buildSettings = {
				ASSETCATALOG_COMPILER_APPICON_NAME = AppIcon;
				ASSETCATALOG_COMPILER_GLOBAL_ACCENT_COLOR_NAME = AccentColor;
				CODE_SIGN_STYLE = Automatic;
				CURRENT_PROJECT_VERSION = 1;
				DEVELOPMENT_TEAM = TYY25RGH4S;
				GENERATE_INFOPLIST_FILE = YES;
				INFOPLIST_FILE = homework/Info.plist;
				INFOPLIST_KEY_UIApplicationSupportsIndirectInputEvents = YES;
				INFOPLIST_KEY_UILaunchStoryboardName = LaunchScreen;
				INFOPLIST_KEY_UIMainStoryboardFile = Main;
				INFOPLIST_KEY_UISupportedInterfaceOrientations_iPad = "UIInterfaceOrientationPortrait UIInterfaceOrientationPortraitUpsideDown UIInterfaceOrientationLandscapeLeft UIInterfaceOrientationLandscapeRight";
				INFOPLIST_KEY_UISupportedInterfaceOrientations_iPhone = "UIInterfaceOrientationPortrait UIInterfaceOrientationLandscapeLeft UIInterfaceOrientationLandscapeRight";
				LD_RUNPATH_SEARCH_PATHS = (
					"$(inherited)",
					"@executable_path/Frameworks",
				);
				MARKETING_VERSION = 1.0;
				PRODUCT_BUNDLE_IDENTIFIER = com.coinapp.homework;
				PRODUCT_NAME = "$(TARGET_NAME)";
				SWIFT_EMIT_LOC_STRINGS = YES;
				SWIFT_VERSION = 5.0;
				TARGETED_DEVICE_FAMILY = "1,2";
			};
			name = Release;
		};
		B635888F2BEE215700201076 /* Debug */ = {
			isa = XCBuildConfiguration;
			buildSettings = {
				ALWAYS_EMBED_SWIFT_STANDARD_LIBRARIES = YES;
				BUNDLE_LOADER = "$(TEST_HOST)";
				CODE_SIGN_STYLE = Automatic;
				CURRENT_PROJECT_VERSION = 1;
				DEVELOPMENT_TEAM = TYY25RGH4S;
				GENERATE_INFOPLIST_FILE = YES;
				IPHONEOS_DEPLOYMENT_TARGET = 17.4;
				MARKETING_VERSION = 1.0;
				PRODUCT_BUNDLE_IDENTIFIER = com.coinapp.homeworkTests;
				PRODUCT_NAME = "$(TARGET_NAME)";
				SWIFT_EMIT_LOC_STRINGS = NO;
				SWIFT_VERSION = 5.0;
				TARGETED_DEVICE_FAMILY = "1,2";
				TEST_HOST = "$(BUILT_PRODUCTS_DIR)/homework.app/$(BUNDLE_EXECUTABLE_FOLDER_PATH)/homework";
			};
			name = Debug;
		};
		B63588902BEE215700201076 /* Release */ = {
			isa = XCBuildConfiguration;
			buildSettings = {
				ALWAYS_EMBED_SWIFT_STANDARD_LIBRARIES = YES;
				BUNDLE_LOADER = "$(TEST_HOST)";
				CODE_SIGN_STYLE = Automatic;
				CURRENT_PROJECT_VERSION = 1;
				DEVELOPMENT_TEAM = TYY25RGH4S;
				GENERATE_INFOPLIST_FILE = YES;
				IPHONEOS_DEPLOYMENT_TARGET = 17.4;
				MARKETING_VERSION = 1.0;
				PRODUCT_BUNDLE_IDENTIFIER = com.coinapp.homeworkTests;
				PRODUCT_NAME = "$(TARGET_NAME)";
				SWIFT_EMIT_LOC_STRINGS = NO;
				SWIFT_VERSION = 5.0;
				TARGETED_DEVICE_FAMILY = "1,2";
				TEST_HOST = "$(BUILT_PRODUCTS_DIR)/homework.app/$(BUNDLE_EXECUTABLE_FOLDER_PATH)/homework";
			};
			name = Release;
		};
		B63588922BEE215700201076 /* Debug */ = {
			isa = XCBuildConfiguration;
			buildSettings = {
				ALWAYS_EMBED_SWIFT_STANDARD_LIBRARIES = YES;
				CODE_SIGN_STYLE = Automatic;
				CURRENT_PROJECT_VERSION = 1;
				DEVELOPMENT_TEAM = TYY25RGH4S;
				GENERATE_INFOPLIST_FILE = YES;
				MARKETING_VERSION = 1.0;
				PRODUCT_BUNDLE_IDENTIFIER = com.coinapp.homeworkUITests;
				PRODUCT_NAME = "$(TARGET_NAME)";
				SWIFT_EMIT_LOC_STRINGS = NO;
				SWIFT_VERSION = 5.0;
				TARGETED_DEVICE_FAMILY = "1,2";
				TEST_TARGET_NAME = homework;
			};
			name = Debug;
		};
		B63588932BEE215700201076 /* Release */ = {
			isa = XCBuildConfiguration;
			buildSettings = {
				ALWAYS_EMBED_SWIFT_STANDARD_LIBRARIES = YES;
				CODE_SIGN_STYLE = Automatic;
				CURRENT_PROJECT_VERSION = 1;
				DEVELOPMENT_TEAM = TYY25RGH4S;
				GENERATE_INFOPLIST_FILE = YES;
				MARKETING_VERSION = 1.0;
				PRODUCT_BUNDLE_IDENTIFIER = com.coinapp.homeworkUITests;
				PRODUCT_NAME = "$(TARGET_NAME)";
				SWIFT_EMIT_LOC_STRINGS = NO;
				SWIFT_VERSION = 5.0;
				TARGETED_DEVICE_FAMILY = "1,2";
				TEST_TARGET_NAME = homework;
			};
			name = Release;
		};
/* End XCBuildConfiguration section */

/* Begin XCConfigurationList section */
		B635885C2BEE215500201076 /* Build configuration list for PBXProject "homework" */ = {
			isa = XCConfigurationList;
			buildConfigurations = (
				B63588892BEE215700201076 /* Debug */,
				B635888A2BEE215700201076 /* Release */,
			);
			defaultConfigurationIsVisible = 0;
			defaultConfigurationName = Release;
		};
		B635888B2BEE215700201076 /* Build configuration list for PBXNativeTarget "homework" */ = {
			isa = XCConfigurationList;
			buildConfigurations = (
				B635888C2BEE215700201076 /* Debug */,
				B635888D2BEE215700201076 /* Release */,
			);
			defaultConfigurationIsVisible = 0;
			defaultConfigurationName = Release;
		};
		B635888E2BEE215700201076 /* Build configuration list for PBXNativeTarget "homeworkTests" */ = {
			isa = XCConfigurationList;
			buildConfigurations = (
				B635888F2BEE215700201076 /* Debug */,
				B63588902BEE215700201076 /* Release */,
			);
			defaultConfigurationIsVisible = 0;
			defaultConfigurationName = Release;
		};
		B63588912BEE215700201076 /* Build configuration list for PBXNativeTarget "homeworkUITests" */ = {
			isa = XCConfigurationList;
			buildConfigurations = (
				B63588922BEE215700201076 /* Debug */,
				B63588932BEE215700201076 /* Release */,
			);
			defaultConfigurationIsVisible = 0;
			defaultConfigurationName = Release;
		};
/* End XCConfigurationList section */
	};
	rootObject = B63588592BEE215500201076 /* Project object */;
}
